
Microsoft Visual Studio Solution File, Format Version 12.00
# Visual Studio Version 16
VisualStudioVersion = 16.0.29519.87
MinimumVisualStudioVersion = 10.0.40219.1
Project("{FAE04EC0-301F-11D3-BF4B-00C04F79EFBC}") = "WebApplication1", "WebApplication1\WebApplication1.csproj", "{FD780024-20AE-461B-B296-549F7DF830E1}"
EndProject
Project("{FAE04EC0-301F-11D3-BF4B-00C04F79EFBC}") = "ConsoleApp1", "ConsoleApp1\ConsoleApp1.csproj", "{49214A78-CAA4-45D6-B6FB-D2CA29764FA4}"
EndProject
Global
	GlobalSection(SolutionConfigurationPlatforms) = preSolution
		Debug|Any CPU = Debug|Any CPU
		Release|Any CPU = Release|Any CPU
	EndGlobalSection
	GlobalSection(ProjectConfigurationPlatforms) = postSolution
		{FD780024-20AE-461B-B296-549F7DF830E1}.Debug|Any CPU.ActiveCfg = Debug|Any CPU
		{FD780024-20AE-461B-B296-549F7DF830E1}.Debug|Any CPU.Build.0 = Debug|Any CPU
		{FD780024-20AE-461B-B296-549F7DF830E1}.Release|Any CPU.ActiveCfg = Release|Any CPU
		{FD780024-20AE-461B-B296-549F7DF830E1}.Release|Any CPU.Build.0 = Release|Any CPU
		{49214A78-CAA4-45D6-B6FB-D2CA29764FA4}.Debug|Any CPU.ActiveCfg = Debug|Any CPU
		{49214A78-CAA4-45D6-B6FB-D2CA29764FA4}.Debug|Any CPU.Build.0 = Debug|Any CPU
		{49214A78-CAA4-45D6-B6FB-D2CA29764FA4}.Release|Any CPU.ActiveCfg = Release|Any CPU
		{49214A78-CAA4-45D6-B6FB-D2CA29764FA4}.Release|Any CPU.Build.0 = Release|Any CPU
	EndGlobalSection
	GlobalSection(SolutionProperties) = preSolution
		HideSolutionNode = FALSE
	EndGlobalSection
	GlobalSection(ExtensibilityGlobals) = postSolution
		SolutionGuid = {583EE4CD-C3DA-4B20-B0EB-648A6D3247E0}
	EndGlobalSection
EndGlobal
